
Microsoft Visual Studio Solution File, Format Version 12.00
# Visual Studio 2013
VisualStudioVersion = 12.0.40629.0
MinimumVisualStudioVersion = 10.0.40219.1
Project("{8BC9CEB8-8B4A-11D0-8D11-00A0C91BC942}") = "HA3.3", "HA3.3\HA3.3.vcxproj", "{20DE9332-2AC7-4ABC-B665-B231285D0302}"
EndProject
Global
	GlobalSection(SolutionConfigurationPlatforms) = preSolution
		Debug|Win32 = Debug|Win32
		Release|Win32 = Release|Win32
	EndGlobalSection
	GlobalSection(ProjectConfigurationPlatforms) = postSolution
		{20DE9332-2AC7-4ABC-B665-B231285D0302}.Debug|Win32.ActiveCfg = Debug|Win32
		{20DE9332-2AC7-4ABC-B665-B231285D0302}.Debug|Win32.Build.0 = Debug|Win32
		{20DE9332-2AC7-4ABC-B665-B231285D0302}.Release|Win32.ActiveCfg = Release|Win32
		{20DE9332-2AC7-4ABC-B665-B231285D0302}.Release|Win32.Build.0 = Release|Win32
	EndGlobalSection
	GlobalSection(SolutionProperties) = preSolution
		HideSolutionNode = FALSE
	EndGlobalSection
EndGlobal
